
Microsoft Visual Studio Solution File, Format Version 11.00
# Visual Studio 2010
Project("{F2A71F9B-5D33-465A-A702-920D77279786}") = "FsUtils", "FsUtils\FsUtils.fsproj", "{CBD7DA8D-16F6-4000-9E3D-A725A36949CB}"
EndProject
Project("{F2A71F9B-5D33-465A-A702-920D77279786}") = "FsUtilsTest", "FsUtilsTest\FsUtilsTest.fsproj", "{68CF2EDA-975D-4D1C-B18C-B9726085ACCE}"
EndProject
Global
	GlobalSection(SolutionConfigurationPlatforms) = preSolution
		Debug|Any CPU = Debug|Any CPU
		Debug|Mixed Platforms = Debug|Mixed Platforms
		Debug|x86 = Debug|x86
		Release|Any CPU = Release|Any CPU
		Release|Mixed Platforms = Release|Mixed Platforms
		Release|x86 = Release|x86
	EndGlobalSection
	GlobalSection(ProjectConfigurationPlatforms) = postSolution
		{CBD7DA8D-16F6-4000-9E3D-A725A36949CB}.Debug|Any CPU.ActiveCfg = Debug|Any CPU
		{CBD7DA8D-16F6-4000-9E3D-A725A36949CB}.Debug|Any CPU.Build.0 = Debug|Any CPU
		{CBD7DA8D-16F6-4000-9E3D-A725A36949CB}.Debug|Mixed Platforms.ActiveCfg = Debug|Any CPU
		{CBD7DA8D-16F6-4000-9E3D-A725A36949CB}.Debug|Mixed Platforms.Build.0 = Debug|Any CPU
		{CBD7DA8D-16F6-4000-9E3D-A725A36949CB}.Debug|x86.ActiveCfg = Debug|Any CPU
		{CBD7DA8D-16F6-4000-9E3D-A725A36949CB}.Release|Any CPU.ActiveCfg = Release|Any CPU
		{CBD7DA8D-16F6-4000-9E3D-A725A36949CB}.Release|Any CPU.Build.0 = Release|Any CPU
		{CBD7DA8D-16F6-4000-9E3D-A725A36949CB}.Release|Mixed Platforms.ActiveCfg = Release|Any CPU
		{CBD7DA8D-16F6-4000-9E3D-A725A36949CB}.Release|Mixed Platforms.Build.0 = Release|Any CPU
		{CBD7DA8D-16F6-4000-9E3D-A725A36949CB}.Release|x86.ActiveCfg = Release|Any CPU
		{68CF2EDA-975D-4D1C-B18C-B9726085ACCE}.Debug|Any CPU.ActiveCfg = Debug|x86
		{68CF2EDA-975D-4D1C-B18C-B9726085ACCE}.Debug|Mixed Platforms.ActiveCfg = Debug|x86
		{68CF2EDA-975D-4D1C-B18C-B9726085ACCE}.Debug|Mixed Platforms.Build.0 = Debug|x86
		{68CF2EDA-975D-4D1C-B18C-B9726085ACCE}.Debug|x86.ActiveCfg = Debug|x86
		{68CF2EDA-975D-4D1C-B18C-B9726085ACCE}.Debug|x86.Build.0 = Debug|x86
		{68CF2EDA-975D-4D1C-B18C-B9726085ACCE}.Release|Any CPU.ActiveCfg = Release|x86
		{68CF2EDA-975D-4D1C-B18C-B9726085ACCE}.Release|Mixed Platforms.ActiveCfg = Release|x86
		{68CF2EDA-975D-4D1C-B18C-B9726085ACCE}.Release|Mixed Platforms.Build.0 = Release|x86
		{68CF2EDA-975D-4D1C-B18C-B9726085ACCE}.Release|x86.ActiveCfg = Release|x86
		{68CF2EDA-975D-4D1C-B18C-B9726085ACCE}.Release|x86.Build.0 = Release|x86
	EndGlobalSection
	GlobalSection(SolutionProperties) = preSolution
		HideSolutionNode = FALSE
	EndGlobalSection
EndGlobal
